
Microsoft Visual Studio Solution File, Format Version 12.00
# Visual Studio Version 17
VisualStudioVersion = 17.4.33403.182
MinimumVisualStudioVersion = 10.0.40219.1
Project("{FAE04EC0-301F-11D3-BF4B-00C04F79EFBC}") = "LabOne", "LabOne\LabOne.csproj", "{28575278-36BE-47A9-9C1B-6EA2CAC3B2AE}"
EndProject
Global
	GlobalSection(SolutionConfigurationPlatforms) = preSolution
		Debug|Any CPU = Debug|Any CPU
		Release|Any CPU = Release|Any CPU
	EndGlobalSection
	GlobalSection(ProjectConfigurationPlatforms) = postSolution
		{28575278-36BE-47A9-9C1B-6EA2CAC3B2AE}.Debug|Any CPU.ActiveCfg = Debug|Any CPU
		{28575278-36BE-47A9-9C1B-6EA2CAC3B2AE}.Debug|Any CPU.Build.0 = Debug|Any CPU
		{28575278-36BE-47A9-9C1B-6EA2CAC3B2AE}.Release|Any CPU.ActiveCfg = Release|Any CPU
		{28575278-36BE-47A9-9C1B-6EA2CAC3B2AE}.Release|Any CPU.Build.0 = Release|Any CPU
	EndGlobalSection
	GlobalSection(SolutionProperties) = preSolution
		HideSolutionNode = FALSE
	EndGlobalSection
	GlobalSection(ExtensibilityGlobals) = postSolution
		SolutionGuid = {06E0832E-73C1-4211-8DB7-BECFB2F4644D}
	EndGlobalSection
EndGlobal
